
Microsoft Visual Studio Solution File, Format Version 12.00
# Visual Studio 15
VisualStudioVersion = 15.0.28307.539
MinimumVisualStudioVersion = 10.0.40219.1
Project("{9A19103F-16F7-4668-BE54-9A1E7A4F7556}") = "BattlemonASP", "BattlemonASP\BattlemonASP.csproj", "{0B033434-D8AB-424F-A0EE-FFE01F3990D3}"
EndProject
Project("{FAE04EC0-301F-11D3-BF4B-00C04F79EFBC}") = "UnitTestProject2", "UnitTestProject2\UnitTestProject2.csproj", "{50F46E43-5F1E-4B8D-B9F4-035F2D4A4647}"
EndProject
Global
	GlobalSection(SolutionConfigurationPlatforms) = preSolution
		Debug|Any CPU = Debug|Any CPU
		Release|Any CPU = Release|Any CPU
	EndGlobalSection
	GlobalSection(ProjectConfigurationPlatforms) = postSolution
		{0B033434-D8AB-424F-A0EE-FFE01F3990D3}.Debug|Any CPU.ActiveCfg = Debug|Any CPU
		{0B033434-D8AB-424F-A0EE-FFE01F3990D3}.Debug|Any CPU.Build.0 = Debug|Any CPU
		{0B033434-D8AB-424F-A0EE-FFE01F3990D3}.Release|Any CPU.ActiveCfg = Release|Any CPU
		{0B033434-D8AB-424F-A0EE-FFE01F3990D3}.Release|Any CPU.Build.0 = Release|Any CPU
		{50F46E43-5F1E-4B8D-B9F4-035F2D4A4647}.Debug|Any CPU.ActiveCfg = Debug|Any CPU
		{50F46E43-5F1E-4B8D-B9F4-035F2D4A4647}.Debug|Any CPU.Build.0 = Debug|Any CPU
		{50F46E43-5F1E-4B8D-B9F4-035F2D4A4647}.Release|Any CPU.ActiveCfg = Release|Any CPU
		{50F46E43-5F1E-4B8D-B9F4-035F2D4A4647}.Release|Any CPU.Build.0 = Release|Any CPU
	EndGlobalSection
	GlobalSection(SolutionProperties) = preSolution
		HideSolutionNode = FALSE
	EndGlobalSection
	GlobalSection(ExtensibilityGlobals) = postSolution
		SolutionGuid = {FF4A13DC-EB62-485D-A739-32F250076CAB}
	EndGlobalSection
EndGlobal
